
Microsoft Visual Studio Solution File, Format Version 12.00
# Visual Studio 15
VisualStudioVersion = 15.0.28307.1525
MinimumVisualStudioVersion = 10.0.40219.1
Project("{FAE04EC0-301F-11D3-BF4B-00C04F79EFBC}") = "WindowsServiceLogger", "WindowsServiceLogger\WindowsServiceLogger.csproj", "{A899E97D-6AF7-4ED6-8E78-30E1B54EDCF6}"
EndProject
Project("{54435603-DBB4-11D2-8724-00A0C9A8B90C}") = "WindowsServiceLoggerSetup", "WindowsServiceLoggerSetup\WindowsServiceLoggerSetup.vdproj", "{D3E2187A-C4D2-4C3A-8CEB-F2130AB2857E}"
EndProject
Global
	GlobalSection(SolutionConfigurationPlatforms) = preSolution
		Debug|Any CPU = Debug|Any CPU
		Release|Any CPU = Release|Any CPU
	EndGlobalSection
	GlobalSection(ProjectConfigurationPlatforms) = postSolution
		{A899E97D-6AF7-4ED6-8E78-30E1B54EDCF6}.Debug|Any CPU.ActiveCfg = Debug|Any CPU
		{A899E97D-6AF7-4ED6-8E78-30E1B54EDCF6}.Debug|Any CPU.Build.0 = Debug|Any CPU
		{A899E97D-6AF7-4ED6-8E78-30E1B54EDCF6}.Release|Any CPU.ActiveCfg = Release|Any CPU
		{A899E97D-6AF7-4ED6-8E78-30E1B54EDCF6}.Release|Any CPU.Build.0 = Release|Any CPU
		{D3E2187A-C4D2-4C3A-8CEB-F2130AB2857E}.Debug|Any CPU.ActiveCfg = Debug
		{D3E2187A-C4D2-4C3A-8CEB-F2130AB2857E}.Release|Any CPU.ActiveCfg = Release
	EndGlobalSection
	GlobalSection(SolutionProperties) = preSolution
		HideSolutionNode = FALSE
	EndGlobalSection
	GlobalSection(ExtensibilityGlobals) = postSolution
		SolutionGuid = {4D25AC67-487E-453C-B18F-E388F106F9A3}
	EndGlobalSection
EndGlobal
